
Microsoft Visual Studio Solution File, Format Version 12.00
# Visual Studio Version 16
VisualStudioVersion = 16.0.29123.88
MinimumVisualStudioVersion = 10.0.40219.1
Project("{FAE04EC0-301F-11D3-BF4B-00C04F79EFBC}") = "Tutorial_Crawler", "Tutorial_Crawler\Tutorial_Crawler.csproj", "{44F25089-5B35-4FA6-8536-349DB3BDD35A}"
EndProject
Global
	GlobalSection(SolutionConfigurationPlatforms) = preSolution
		Debug|Any CPU = Debug|Any CPU
		Release|Any CPU = Release|Any CPU
	EndGlobalSection
	GlobalSection(ProjectConfigurationPlatforms) = postSolution
		{44F25089-5B35-4FA6-8536-349DB3BDD35A}.Debug|Any CPU.ActiveCfg = Debug|Any CPU
		{44F25089-5B35-4FA6-8536-349DB3BDD35A}.Debug|Any CPU.Build.0 = Debug|Any CPU
		{44F25089-5B35-4FA6-8536-349DB3BDD35A}.Release|Any CPU.ActiveCfg = Release|Any CPU
		{44F25089-5B35-4FA6-8536-349DB3BDD35A}.Release|Any CPU.Build.0 = Release|Any CPU
	EndGlobalSection
	GlobalSection(SolutionProperties) = preSolution
		HideSolutionNode = FALSE
	EndGlobalSection
	GlobalSection(ExtensibilityGlobals) = postSolution
		SolutionGuid = {F4535E4C-63E5-4DBD-B0B8-0BAA0749BAA3}
	EndGlobalSection
EndGlobal
